
Microsoft Visual Studio Solution File, Format Version 12.00
# Visual Studio Version 16
VisualStudioVersion = 16.0.30503.244
MinimumVisualStudioVersion = 10.0.40219.1
Project("{9A19103F-16F7-4668-BE54-9A1E7A4F7556}") = "OnlineConnectionApi", "OnlineConnectionApi.csproj", "{70895310-1DC1-42C0-8236-000A70E4405B}"
EndProject
Project("{9A19103F-16F7-4668-BE54-9A1E7A4F7556}") = "OnlineConnectionApi.Contracts", "..\OnlineConnectionApi.Contracts\OnlineConnectionApi.Contracts.csproj", "{485AFE29-EB22-498A-8CEE-8668B3398C64}"
EndProject
Global
	GlobalSection(SolutionConfigurationPlatforms) = preSolution
		Debug|Any CPU = Debug|Any CPU
		Release|Any CPU = Release|Any CPU
	EndGlobalSection
	GlobalSection(ProjectConfigurationPlatforms) = postSolution
		{70895310-1DC1-42C0-8236-000A70E4405B}.Debug|Any CPU.ActiveCfg = Debug|Any CPU
		{70895310-1DC1-42C0-8236-000A70E4405B}.Debug|Any CPU.Build.0 = Debug|Any CPU
		{70895310-1DC1-42C0-8236-000A70E4405B}.Release|Any CPU.ActiveCfg = Release|Any CPU
		{70895310-1DC1-42C0-8236-000A70E4405B}.Release|Any CPU.Build.0 = Release|Any CPU
		{485AFE29-EB22-498A-8CEE-8668B3398C64}.Debug|Any CPU.ActiveCfg = Debug|Any CPU
		{485AFE29-EB22-498A-8CEE-8668B3398C64}.Debug|Any CPU.Build.0 = Debug|Any CPU
		{485AFE29-EB22-498A-8CEE-8668B3398C64}.Release|Any CPU.ActiveCfg = Release|Any CPU
		{485AFE29-EB22-498A-8CEE-8668B3398C64}.Release|Any CPU.Build.0 = Release|Any CPU
	EndGlobalSection
	GlobalSection(SolutionProperties) = preSolution
		HideSolutionNode = FALSE
	EndGlobalSection
	GlobalSection(ExtensibilityGlobals) = postSolution
		SolutionGuid = {9733B07B-6426-422F-A795-878ED16AD7E1}
	EndGlobalSection
EndGlobal
